
Microsoft Visual Studio Solution File, Format Version 12.00
# Visual Studio Version 17
VisualStudioVersion = 17.2.32630.192
MinimumVisualStudioVersion = 10.0.40219.1
Project("{FAE04EC0-301F-11D3-BF4B-00C04F79EFBC}") = "ProjeDenemeGrup2", "ProjeDenemeGrup2\ProjeDenemeGrup2.csproj", "{901C12C4-1C2C-4271-A0F1-994F9086C05B}"
EndProject
Global
	GlobalSection(SolutionConfigurationPlatforms) = preSolution
		Debug|Any CPU = Debug|Any CPU
		Release|Any CPU = Release|Any CPU
	EndGlobalSection
	GlobalSection(ProjectConfigurationPlatforms) = postSolution
		{901C12C4-1C2C-4271-A0F1-994F9086C05B}.Debug|Any CPU.ActiveCfg = Debug|Any CPU
		{901C12C4-1C2C-4271-A0F1-994F9086C05B}.Debug|Any CPU.Build.0 = Debug|Any CPU
		{901C12C4-1C2C-4271-A0F1-994F9086C05B}.Release|Any CPU.ActiveCfg = Release|Any CPU
		{901C12C4-1C2C-4271-A0F1-994F9086C05B}.Release|Any CPU.Build.0 = Release|Any CPU
	EndGlobalSection
	GlobalSection(SolutionProperties) = preSolution
		HideSolutionNode = FALSE
	EndGlobalSection
	GlobalSection(ExtensibilityGlobals) = postSolution
		SolutionGuid = {6D234EE9-E7AE-4489-A2AF-ACB5106349EA}
	EndGlobalSection
EndGlobal
